// !$*UTF8*$!
{
	archiveVersion = 1;
	classes = {
	};
	objectVersion = 46;
	objects = {

/* Begin PBXBuildFile section */
		CAA8077318CFDA02002B1193 /* Motion.cpp in Sources */ = {isa = PBXBuildFile; fileRef = CAA8077118CFDA02002B1193 /* Motion.cpp */; };
		CAA8077818CFDBA0002B1193 /* InputManager.cpp in Sources */ = {isa = PBXBuildFile; fileRef = CAA8077518CFDBA0002B1193 /* InputManager.cpp */; };
		CACA87F718CA7BDA004AB524 /* blink.png in CopyFiles */ = {isa = PBXBuildFile; fileRef = CACA87E218CA7B33004AB524 /* blink.png */; };
		CACA87F818CA7BDA004AB524 /* climb.png in CopyFiles */ = {isa = PBXBuildFile; fileRef = CACA87E318CA7B33004AB524 /* climb.png */; };
		CACA87F918CA7BDA004AB524 /* climbIdle.png in CopyFiles */ = {isa = PBXBuildFile; fileRef = CACA87E418CA7B33004AB524 /* climbIdle.png */; };
		CACA87FA18CA7BDA004AB524 /* climbToClimbIdle.png in CopyFiles */ = {isa = PBXBuildFile; fileRef = CACA87E518CA7B33004AB524 /* climbToClimbIdle.png */; };
		CACA87FB18CA7BDA004AB524 /* damage.png in CopyFiles */ = {isa = PBXBuildFile; fileRef = CACA87E618CA7B33004AB524 /* damage.png */; };
		CACA87FC18CA7BDA004AB524 /* die.png in CopyFiles */ = {isa = PBXBuildFile; fileRef = CACA87E718CA7B33004AB524 /* die.png */; };
		CACA87FD18CA7BDA004AB524 /* fall.png in CopyFiles */ = {isa = PBXBuildFile; fileRef = CACA87E818CA7B33004AB524 /* fall.png */; };
		CACA87FE18CA7BDA004AB524 /* fly.png in CopyFiles */ = {isa = PBXBuildFile; fileRef = CACA87E918CA7B33004AB524 /* fly.png */; };
		CACA87FF18CA7BDA004AB524 /* font1.fnt in CopyFiles */ = {isa = PBXBuildFile; fileRef = CACA87EA18CA7B33004AB524 /* font1.fnt */; };
		CACA880018CA7BDA004AB524 /* font1.png in CopyFiles */ = {isa = PBXBuildFile; fileRef = CACA87EB18CA7B33004AB524 /* font1.png */; };
		CACA880118CA7BDA004AB524 /* idle.png in CopyFiles */ = {isa = PBXBuildFile; fileRef = CACA87EC18CA7B33004AB524 /* idle.png */; };
		CACA880218CA7BDA004AB524 /* jump.png in CopyFiles */ = {isa = PBXBuildFile; fileRef = CACA87ED18CA7B33004AB524 /* jump.png */; };
		CACA880318CA7BDA004AB524 /* jumpToFall.png in CopyFiles */ = {isa = PBXBuildFile; fileRef = CACA87EE18CA7B33004AB524 /* jumpToFall.png */; };
		CACA880418CA7BDA004AB524 /* land.png in CopyFiles */ = {isa = PBXBuildFile; fileRef = CACA87EF18CA7B33004AB524 /* land.png */; };
		CACA880518CA7BDA004AB524 /* run.png in CopyFiles */ = {isa = PBXBuildFile; fileRef = CACA87F018CA7B33004AB524 /* run.png */; };
		CACA880618CA7BDA004AB524 /* running.png in CopyFiles */ = {isa = PBXBuildFile; fileRef = CACA87F118CA7B33004AB524 /* running.png */; };
		CACA880718CA7BDA004AB524 /* runToSlide.png in CopyFiles */ = {isa = PBXBuildFile; fileRef = CACA87F218CA7B33004AB524 /* runToSlide.png */; };
		CACA880818CA7BDA004AB524 /* slide.png in CopyFiles */ = {isa = PBXBuildFile; fileRef = CACA87F318CA7B33004AB524 /* slide.png */; };
		CACA880918CA7BDA004AB524 /* slideDown.png in CopyFiles */ = {isa = PBXBuildFile; fileRef = CACA87F418CA7B33004AB524 /* slideDown.png */; };
		CACA880A18CA7BDA004AB524 /* slideToIdle.png in CopyFiles */ = {isa = PBXBuildFile; fileRef = CACA87F518CA7B33004AB524 /* slideToIdle.png */; };
		CACA880B18CA7BDA004AB524 /* spawn.png in CopyFiles */ = {isa = PBXBuildFile; fileRef = CACA87F618CA7B33004AB524 /* spawn.png */; };
		D915020615E0813100F85B1E /* example.c in Sources */ = {isa = PBXBuildFile; fileRef = D91501F115E0813100F85B1E /* example.c */; };
		D915020715E0813100F85B1E /* png.c in Sources */ = {isa = PBXBuildFile; fileRef = D91501F215E0813100F85B1E /* png.c */; };
		D915020815E0813100F85B1E /* pngerror.c in Sources */ = {isa = PBXBuildFile; fileRef = D91501F515E0813100F85B1E /* pngerror.c */; };
		D915020915E0813100F85B1E /* pnggccrd.c in Sources */ = {isa = PBXBuildFile; fileRef = D91501F615E0813100F85B1E /* pnggccrd.c */; };
		D915020A15E0813100F85B1E /* pngget.c in Sources */ = {isa = PBXBuildFile; fileRef = D91501F715E0813100F85B1E /* pngget.c */; };
		D915020B15E0813100F85B1E /* pngmem.c in Sources */ = {isa = PBXBuildFile; fileRef = D91501F815E0813100F85B1E /* pngmem.c */; };
		D915020C15E0813100F85B1E /* pngpread.c in Sources */ = {isa = PBXBuildFile; fileRef = D91501F915E0813100F85B1E /* pngpread.c */; };
		D915020D15E0813100F85B1E /* pngread.c in Sources */ = {isa = PBXBuildFile; fileRef = D91501FA15E0813100F85B1E /* pngread.c */; };
		D915020E15E0813100F85B1E /* pngrio.c in Sources */ = {isa = PBXBuildFile; fileRef = D91501FB15E0813100F85B1E /* pngrio.c */; };
		D915020F15E0813100F85B1E /* pngrtran.c in Sources */ = {isa = PBXBuildFile; fileRef = D91501FC15E0813100F85B1E /* pngrtran.c */; };
		D915021015E0813100F85B1E /* pngrutil.c in Sources */ = {isa = PBXBuildFile; fileRef = D91501FD15E0813100F85B1E /* pngrutil.c */; };
		D915021115E0813100F85B1E /* pngset.c in Sources */ = {isa = PBXBuildFile; fileRef = D91501FE15E0813100F85B1E /* pngset.c */; };
		D915021215E0813100F85B1E /* pngtest.c in Sources */ = {isa = PBXBuildFile; fileRef = D91501FF15E0813100F85B1E /* pngtest.c */; };
		D915021315E0813100F85B1E /* pngtrans.c in Sources */ = {isa = PBXBuildFile; fileRef = D915020015E0813100F85B1E /* pngtrans.c */; };
		D915021415E0813100F85B1E /* pngvcrd.c in Sources */ = {isa = PBXBuildFile; fileRef = D915020115E0813100F85B1E /* pngvcrd.c */; };
		D915021515E0813100F85B1E /* pngwio.c in Sources */ = {isa = PBXBuildFile; fileRef = D915020215E0813100F85B1E /* pngwio.c */; };
		D915021615E0813100F85B1E /* pngwrite.c in Sources */ = {isa = PBXBuildFile; fileRef = D915020315E0813100F85B1E /* pngwrite.c */; };
		D915021715E0813100F85B1E /* pngwtran.c in Sources */ = {isa = PBXBuildFile; fileRef = D915020415E0813100F85B1E /* pngwtran.c */; };
		D915021815E0813100F85B1E /* pngwutil.c in Sources */ = {isa = PBXBuildFile; fileRef = D915020515E0813100F85B1E /* pngwutil.c */; };
		D93BEC1115E06B6B0017932B /* Texture2D.cpp in Sources */ = {isa = PBXBuildFile; fileRef = D93BEC1015E06B6B0017932B /* Texture2D.cpp */; };
		D93BEC5415E06E1C0017932B /* adler32.c in Sources */ = {isa = PBXBuildFile; fileRef = D93BEC3A15E06E1C0017932B /* adler32.c */; };
		D93BEC5515E06E1C0017932B /* compress.c in Sources */ = {isa = PBXBuildFile; fileRef = D93BEC3B15E06E1C0017932B /* compress.c */; };
		D93BEC5615E06E1C0017932B /* crc32.c in Sources */ = {isa = PBXBuildFile; fileRef = D93BEC3C15E06E1C0017932B /* crc32.c */; };
		D93BEC5715E06E1C0017932B /* deflate.c in Sources */ = {isa = PBXBuildFile; fileRef = D93BEC3E15E06E1C0017932B /* deflate.c */; };
		D93BEC5815E06E1C0017932B /* gzclose.c in Sources */ = {isa = PBXBuildFile; fileRef = D93BEC4015E06E1C0017932B /* gzclose.c */; };
		D93BEC5915E06E1C0017932B /* gzlib.c in Sources */ = {isa = PBXBuildFile; fileRef = D93BEC4215E06E1C0017932B /* gzlib.c */; };
		D93BEC5A15E06E1C0017932B /* gzread.c in Sources */ = {isa = PBXBuildFile; fileRef = D93BEC4315E06E1C0017932B /* gzread.c */; };
		D93BEC5B15E06E1C0017932B /* gzwrite.c in Sources */ = {isa = PBXBuildFile; fileRef = D93BEC4415E06E1C0017932B /* gzwrite.c */; };
		D93BEC5C15E06E1C0017932B /* infback.c in Sources */ = {isa = PBXBuildFile; fileRef = D93BEC4515E06E1C0017932B /* infback.c */; };
		D93BEC5D15E06E1C0017932B /* inffast.c in Sources */ = {isa = PBXBuildFile; fileRef = D93BEC4615E06E1C0017932B /* inffast.c */; };
		D93BEC5E15E06E1C0017932B /* inflate.c in Sources */ = {isa = PBXBuildFile; fileRef = D93BEC4915E06E1C0017932B /* inflate.c */; };
		D93BEC5F15E06E1C0017932B /* inftrees.c in Sources */ = {isa = PBXBuildFile; fileRef = D93BEC4B15E06E1C0017932B /* inftrees.c */; };
		D93BEC6015E06E1C0017932B /* trees.c in Sources */ = {isa = PBXBuildFile; fileRef = D93BEC4D15E06E1C0017932B /* trees.c */; };
		D93BEC6115E06E1C0017932B /* uncompr.c in Sources */ = {isa = PBXBuildFile; fileRef = D93BEC4F15E06E1C0017932B /* uncompr.c */; };
		D93BEC6215E06E1C0017932B /* zutil.c in Sources */ = {isa = PBXBuildFile; fileRef = D93BEC5215E06E1C0017932B /* zutil.c */; };
		D97308B415DF26B800AD507C /* main.cpp in Sources */ = {isa = PBXBuildFile; fileRef = D97308B315DF26B800AD507C /* main.cpp */; };
		D97308BD15DF270D00AD507C /* OpenGL.framework in Frameworks */ = {isa = PBXBuildFile; fileRef = D97308BC15DF270D00AD507C /* OpenGL.framework */; };
		D97308BF15DF271A00AD507C /* GLUT.framework in Frameworks */ = {isa = PBXBuildFile; fileRef = D97308BE15DF271A00AD507C /* GLUT.framework */; };
		D9730B2515DF429C00AD507C /* Camera.cpp in Sources */ = {isa = PBXBuildFile; fileRef = D9730A3D15DF429C00AD507C /* Camera.cpp */; };
		D9730B2615DF429C00AD507C /* Console.cpp in Sources */ = {isa = PBXBuildFile; fileRef = D9730A3F15DF429C00AD507C /* Console.cpp */; };
		D9730B2715DF429C00AD507C /* CharDef.cpp in Sources */ = {isa = PBXBuildFile; fileRef = D9730A4215DF429C00AD507C /* CharDef.cpp */; };
		D9730B2815DF429C00AD507C /* Font.cpp in Sources */ = {isa = PBXBuildFile; fileRef = D9730A4415DF429C00AD507C /* Font.cpp */; };
		D9730B2915DF429C00AD507C /* GraphicsManager.cpp in Sources */ = {isa = PBXBuildFile; fileRef = D9730A4715DF429C00AD507C /* GraphicsManager.cpp */; };
		D9730B2A15DF429C00AD507C /* Grid.cpp in Sources */ = {isa = PBXBuildFile; fileRef = D9730A4A15DF429C00AD507C /* Grid.cpp */; };
		D9730B2B15DF429C00AD507C /* Image.cpp in Sources */ = {isa = PBXBuildFile; fileRef = D9730A4F15DF429C00AD507C /* Image.cpp */; };
/* End PBXBuildFile section */

/* Begin PBXCopyFilesBuildPhase section */
		D97308AD15DF26B800AD507C /* CopyFiles */ = {
			isa = PBXCopyFilesBuildPhase;
			buildActionMask = 12;
			dstPath = Resources;
			dstSubfolderSpec = 7;
			files = (
				CACA87F718CA7BDA004AB524 /* blink.png in CopyFiles */,
				CACA87F818CA7BDA004AB524 /* climb.png in CopyFiles */,
				CACA87F918CA7BDA004AB524 /* climbIdle.png in CopyFiles */,
				CACA87FA18CA7BDA004AB524 /* climbToClimbIdle.png in CopyFiles */,
				CACA87FB18CA7BDA004AB524 /* damage.png in CopyFiles */,
				CACA87FC18CA7BDA004AB524 /* die.png in CopyFiles */,
				CACA87FD18CA7BDA004AB524 /* fall.png in CopyFiles */,
				CACA87FE18CA7BDA004AB524 /* fly.png in CopyFiles */,
				CACA87FF18CA7BDA004AB524 /* font1.fnt in CopyFiles */,
				CACA880018CA7BDA004AB524 /* font1.png in CopyFiles */,
				CACA880118CA7BDA004AB524 /* idle.png in CopyFiles */,
				CACA880218CA7BDA004AB524 /* jump.png in CopyFiles */,
				CACA880318CA7BDA004AB524 /* jumpToFall.png in CopyFiles */,
				CACA880418CA7BDA004AB524 /* land.png in CopyFiles */,
				CACA880518CA7BDA004AB524 /* run.png in CopyFiles */,
				CACA880618CA7BDA004AB524 /* running.png in CopyFiles */,
				CACA880718CA7BDA004AB524 /* runToSlide.png in CopyFiles */,
				CACA880818CA7BDA004AB524 /* slide.png in CopyFiles */,
				CACA880918CA7BDA004AB524 /* slideDown.png in CopyFiles */,
				CACA880A18CA7BDA004AB524 /* slideToIdle.png in CopyFiles */,
				CACA880B18CA7BDA004AB524 /* spawn.png in CopyFiles */,
			);
			runOnlyForDeploymentPostprocessing = 0;
		};
/* End PBXCopyFilesBuildPhase section */

/* Begin PBXFileReference section */
		CAA8077118CFDA02002B1193 /* Motion.cpp */ = {isa = PBXFileReference; fileEncoding = 4; lastKnownFileType = sourcecode.cpp.cpp; path = Motion.cpp; sourceTree = "<group>"; };
		CAA8077218CFDA02002B1193 /* Motion.h */ = {isa = PBXFileReference; fileEncoding = 4; lastKnownFileType = sourcecode.c.h; path = Motion.h; sourceTree = "<group>"; };
		CAA8077518CFDBA0002B1193 /* InputManager.cpp */ = {isa = PBXFileReference; fileEncoding = 4; lastKnownFileType = sourcecode.cpp.cpp; name = InputManager.cpp; path = Game/Input/InputManager.cpp; sourceTree = "<group>"; };
		CAA8077618CFDBA0002B1193 /* InputManager.h */ = {isa = PBXFileReference; fileEncoding = 4; lastKnownFileType = sourcecode.c.h; name = InputManager.h; path = Game/Input/InputManager.h; sourceTree = "<group>"; };
		CAA8077718CFDBA0002B1193 /* JoyStick.h */ = {isa = PBXFileReference; fileEncoding = 4; lastKnownFileType = sourcecode.c.h; name = JoyStick.h; path = Game/Input/JoyStick.h; sourceTree = "<group>"; };
		CACA87E218CA7B33004AB524 /* blink.png */ = {isa = PBXFileReference; lastKnownFileType = image.png; path = blink.png; sourceTree = "<group>"; };
		CACA87E318CA7B33004AB524 /* climb.png */ = {isa = PBXFileReference; lastKnownFileType = image.png; path = climb.png; sourceTree = "<group>"; };
		CACA87E418CA7B33004AB524 /* climbIdle.png */ = {isa = PBXFileReference; lastKnownFileType = image.png; path = climbIdle.png; sourceTree = "<group>"; };
		CACA87E518CA7B33004AB524 /* climbToClimbIdle.png */ = {isa = PBXFileReference; lastKnownFileType = image.png; path = climbToClimbIdle.png; sourceTree = "<group>"; };
		CACA87E618CA7B33004AB524 /* damage.png */ = {isa = PBXFileReference; lastKnownFileType = image.png; path = damage.png; sourceTree = "<group>"; };
		CACA87E718CA7B33004AB524 /* die.png */ = {isa = PBXFileReference; lastKnownFileType = image.png; path = die.png; sourceTree = "<group>"; };
		CACA87E818CA7B33004AB524 /* fall.png */ = {isa = PBXFileReference; lastKnownFileType = image.png; path = fall.png; sourceTree = "<group>"; };
		CACA87E918CA7B33004AB524 /* fly.png */ = {isa = PBXFileReference; lastKnownFileType = image.png; path = fly.png; sourceTree = "<group>"; };
		CACA87EA18CA7B33004AB524 /* font1.fnt */ = {isa = PBXFileReference; fileEncoding = 4; lastKnownFileType = text; path = font1.fnt; sourceTree = "<group>"; };
		CACA87EB18CA7B33004AB524 /* font1.png */ = {isa = PBXFileReference; lastKnownFileType = image.png; path = font1.png; sourceTree = "<group>"; };
		CACA87EC18CA7B33004AB524 /* idle.png */ = {isa = PBXFileReference; lastKnownFileType = image.png; path = idle.png; sourceTree = "<group>"; };
		CACA87ED18CA7B33004AB524 /* jump.png */ = {isa = PBXFileReference; lastKnownFileType = image.png; path = jump.png; sourceTree = "<group>"; };
		CACA87EE18CA7B33004AB524 /* jumpToFall.png */ = {isa = PBXFileReference; lastKnownFileType = image.png; path = jumpToFall.png; sourceTree = "<group>"; };
		CACA87EF18CA7B33004AB524 /* land.png */ = {isa = PBXFileReference; lastKnownFileType = image.png; path = land.png; sourceTree = "<group>"; };
		CACA87F018CA7B33004AB524 /* run.png */ = {isa = PBXFileReference; lastKnownFileType = image.png; path = run.png; sourceTree = "<group>"; };
		CACA87F118CA7B33004AB524 /* running.png */ = {isa = PBXFileReference; lastKnownFileType = image.png; path = running.png; sourceTree = "<group>"; };
		CACA87F218CA7B33004AB524 /* runToSlide.png */ = {isa = PBXFileReference; lastKnownFileType = image.png; path = runToSlide.png; sourceTree = "<group>"; };
		CACA87F318CA7B33004AB524 /* slide.png */ = {isa = PBXFileReference; lastKnownFileType = image.png; path = slide.png; sourceTree = "<group>"; };
		CACA87F418CA7B33004AB524 /* slideDown.png */ = {isa = PBXFileReference; lastKnownFileType = image.png; path = slideDown.png; sourceTree = "<group>"; };
		CACA87F518CA7B33004AB524 /* slideToIdle.png */ = {isa = PBXFileReference; lastKnownFileType = image.png; path = slideToIdle.png; sourceTree = "<group>"; };
		CACA87F618CA7B33004AB524 /* spawn.png */ = {isa = PBXFileReference; lastKnownFileType = image.png; path = spawn.png; sourceTree = "<group>"; };
		D91501F115E0813100F85B1E /* example.c */ = {isa = PBXFileReference; fileEncoding = 4; lastKnownFileType = sourcecode.c.c; path = example.c; sourceTree = "<group>"; };
		D91501F215E0813100F85B1E /* png.c */ = {isa = PBXFileReference; fileEncoding = 4; lastKnownFileType = sourcecode.c.c; path = png.c; sourceTree = "<group>"; };
		D91501F315E0813100F85B1E /* png.h */ = {isa = PBXFileReference; fileEncoding = 4; lastKnownFileType = sourcecode.c.h; path = png.h; sourceTree = "<group>"; };
		D91501F415E0813100F85B1E /* pngconf.h */ = {isa = PBXFileReference; fileEncoding = 4; lastKnownFileType = sourcecode.c.h; path = pngconf.h; sourceTree = "<group>"; };
		D91501F515E0813100F85B1E /* pngerror.c */ = {isa = PBXFileReference; fileEncoding = 4; lastKnownFileType = sourcecode.c.c; path = pngerror.c; sourceTree = "<group>"; };
		D91501F615E0813100F85B1E /* pnggccrd.c */ = {isa = PBXFileReference; fileEncoding = 4; lastKnownFileType = sourcecode.c.c; path = pnggccrd.c; sourceTree = "<group>"; };
		D91501F715E0813100F85B1E /* pngget.c */ = {isa = PBXFileReference; fileEncoding = 4; lastKnownFileType = sourcecode.c.c; path = pngget.c; sourceTree = "<group>"; };
		D91501F815E0813100F85B1E /* pngmem.c */ = {isa = PBXFileReference; fileEncoding = 4; lastKnownFileType = sourcecode.c.c; path = pngmem.c; sourceTree = "<group>"; };
		D91501F915E0813100F85B1E /* pngpread.c */ = {isa = PBXFileReference; fileEncoding = 4; lastKnownFileType = sourcecode.c.c; path = pngpread.c; sourceTree = "<group>"; };
		D91501FA15E0813100F85B1E /* pngread.c */ = {isa = PBXFileReference; fileEncoding = 4; lastKnownFileType = sourcecode.c.c; path = pngread.c; sourceTree = "<group>"; };
		D91501FB15E0813100F85B1E /* pngrio.c */ = {isa = PBXFileReference; fileEncoding = 4; lastKnownFileType = sourcecode.c.c; path = pngrio.c; sourceTree = "<group>"; };
		D91501FC15E0813100F85B1E /* pngrtran.c */ = {isa = PBXFileReference; fileEncoding = 4; lastKnownFileType = sourcecode.c.c; path = pngrtran.c; sourceTree = "<group>"; };
		D91501FD15E0813100F85B1E /* pngrutil.c */ = {isa = PBXFileReference; fileEncoding = 4; lastKnownFileType = sourcecode.c.c; path = pngrutil.c; sourceTree = "<group>"; };
		D91501FE15E0813100F85B1E /* pngset.c */ = {isa = PBXFileReference; fileEncoding = 4; lastKnownFileType = sourcecode.c.c; path = pngset.c; sourceTree = "<group>"; };
		D91501FF15E0813100F85B1E /* pngtest.c */ = {isa = PBXFileReference; fileEncoding = 4; lastKnownFileType = sourcecode.c.c; path = pngtest.c; sourceTree = "<group>"; };
		D915020015E0813100F85B1E /* pngtrans.c */ = {isa = PBXFileReference; fileEncoding = 4; lastKnownFileType = sourcecode.c.c; path = pngtrans.c; sourceTree = "<group>"; };
		D915020115E0813100F85B1E /* pngvcrd.c */ = {isa = PBXFileReference; fileEncoding = 4; lastKnownFileType = sourcecode.c.c; path = pngvcrd.c; sourceTree = "<group>"; };
		D915020215E0813100F85B1E /* pngwio.c */ = {isa = PBXFileReference; fileEncoding = 4; lastKnownFileType = sourcecode.c.c; path = pngwio.c; sourceTree = "<group>"; };
		D915020315E0813100F85B1E /* pngwrite.c */ = {isa = PBXFileReference; fileEncoding = 4; lastKnownFileType = sourcecode.c.c; path = pngwrite.c; sourceTree = "<group>"; };
		D915020415E0813100F85B1E /* pngwtran.c */ = {isa = PBXFileReference; fileEncoding = 4; lastKnownFileType = sourcecode.c.c; path = pngwtran.c; sourceTree = "<group>"; };
		D915020515E0813100F85B1E /* pngwutil.c */ = {isa = PBXFileReference; fileEncoding = 4; lastKnownFileType = sourcecode.c.c; path = pngwutil.c; sourceTree = "<group>"; };
		D93BEC1015E06B6B0017932B /* Texture2D.cpp */ = {isa = PBXFileReference; fileEncoding = 4; lastKnownFileType = sourcecode.cpp.cpp; path = Texture2D.cpp; sourceTree = "<group>"; };
		D93BEC3A15E06E1C0017932B /* adler32.c */ = {isa = PBXFileReference; fileEncoding = 4; lastKnownFileType = sourcecode.c.c; path = adler32.c; sourceTree = "<group>"; };
		D93BEC3B15E06E1C0017932B /* compress.c */ = {isa = PBXFileReference; fileEncoding = 4; lastKnownFileType = sourcecode.c.c; path = compress.c; sourceTree = "<group>"; };
		D93BEC3C15E06E1C0017932B /* crc32.c */ = {isa = PBXFileReference; fileEncoding = 4; lastKnownFileType = sourcecode.c.c; path = crc32.c; sourceTree = "<group>"; };
		D93BEC3D15E06E1C0017932B /* crc32.h */ = {isa = PBXFileReference; fileEncoding = 4; lastKnownFileType = sourcecode.c.h; path = crc32.h; sourceTree = "<group>"; };
		D93BEC3E15E06E1C0017932B /* deflate.c */ = {isa = PBXFileReference; fileEncoding = 4; lastKnownFileType = sourcecode.c.c; path = deflate.c; sourceTree = "<group>"; };
		D93BEC3F15E06E1C0017932B /* deflate.h */ = {isa = PBXFileReference; fileEncoding = 4; lastKnownFileType = sourcecode.c.h; path = deflate.h; sourceTree = "<group>"; };
		D93BEC4015E06E1C0017932B /* gzclose.c */ = {isa = PBXFileReference; fileEncoding = 4; lastKnownFileType = sourcecode.c.c; path = gzclose.c; sourceTree = "<group>"; };
		D93BEC4115E06E1C0017932B /* gzguts.h */ = {isa = PBXFileReference; fileEncoding = 4; lastKnownFileType = sourcecode.c.h; path = gzguts.h; sourceTree = "<group>"; };
		D93BEC4215E06E1C0017932B /* gzlib.c */ = {isa = PBXFileReference; fileEncoding = 4; lastKnownFileType = sourcecode.c.c; path = gzlib.c; sourceTree = "<group>"; };
		D93BEC4315E06E1C0017932B /* gzread.c */ = {isa = PBXFileReference; fileEncoding = 4; lastKnownFileType = sourcecode.c.c; path = gzread.c; sourceTree = "<group>"; };
		D93BEC4415E06E1C0017932B /* gzwrite.c */ = {isa = PBXFileReference; fileEncoding = 4; lastKnownFileType = sourcecode.c.c; path = gzwrite.c; sourceTree = "<group>"; };
		D93BEC4515E06E1C0017932B /* infback.c */ = {isa = PBXFileReference; fileEncoding = 4; lastKnownFileType = sourcecode.c.c; path = infback.c; sourceTree = "<group>"; };
		D93BEC4615E06E1C0017932B /* inffast.c */ = {isa = PBXFileReference; fileEncoding = 4; lastKnownFileType = sourcecode.c.c; path = inffast.c; sourceTree = "<group>"; };
		D93BEC4715E06E1C0017932B /* inffast.h */ = {isa = PBXFileReference; fileEncoding = 4; lastKnownFileType = sourcecode.c.h; path = inffast.h; sourceTree = "<group>"; };
		D93BEC4815E06E1C0017932B /* inffixed.h */ = {isa = PBXFileReference; fileEncoding = 4; lastKnownFileType = sourcecode.c.h; path = inffixed.h; sourceTree = "<group>"; };
		D93BEC4915E06E1C0017932B /* inflate.c */ = {isa = PBXFileReference; fileEncoding = 4; lastKnownFileType = sourcecode.c.c; path = inflate.c; sourceTree = "<group>"; };
		D93BEC4A15E06E1C0017932B /* inflate.h */ = {isa = PBXFileReference; fileEncoding = 4; lastKnownFileType = sourcecode.c.h; path = inflate.h; sourceTree = "<group>"; };
		D93BEC4B15E06E1C0017932B /* inftrees.c */ = {isa = PBXFileReference; fileEncoding = 4; lastKnownFileType = sourcecode.c.c; path = inftrees.c; sourceTree = "<group>"; };
		D93BEC4C15E06E1C0017932B /* inftrees.h */ = {isa = PBXFileReference; fileEncoding = 4; lastKnownFileType = sourcecode.c.h; path = inftrees.h; sourceTree = "<group>"; };
		D93BEC4D15E06E1C0017932B /* trees.c */ = {isa = PBXFileReference; fileEncoding = 4; lastKnownFileType = sourcecode.c.c; path = trees.c; sourceTree = "<group>"; };
		D93BEC4E15E06E1C0017932B /* trees.h */ = {isa = PBXFileReference; fileEncoding = 4; lastKnownFileType = sourcecode.c.h; path = trees.h; sourceTree = "<group>"; };
		D93BEC4F15E06E1C0017932B /* uncompr.c */ = {isa = PBXFileReference; fileEncoding = 4; lastKnownFileType = sourcecode.c.c; path = uncompr.c; sourceTree = "<group>"; };
		D93BEC5015E06E1C0017932B /* zconf.h */ = {isa = PBXFileReference; fileEncoding = 4; lastKnownFileType = sourcecode.c.h; path = zconf.h; sourceTree = "<group>"; };
		D93BEC5115E06E1C0017932B /* zlib.h */ = {isa = PBXFileReference; fileEncoding = 4; lastKnownFileType = sourcecode.c.h; path = zlib.h; sourceTree = "<group>"; };
		D93BEC5215E06E1C0017932B /* zutil.c */ = {isa = PBXFileReference; fileEncoding = 4; lastKnownFileType = sourcecode.c.c; path = zutil.c; sourceTree = "<group>"; };
		D93BEC5315E06E1C0017932B /* zutil.h */ = {isa = PBXFileReference; fileEncoding = 4; lastKnownFileType = sourcecode.c.h; path = zutil.h; sourceTree = "<group>"; };
		D97308AF15DF26B800AD507C /* OpenGL */ = {isa = PBXFileReference; explicitFileType = "compiled.mach-o.executable"; includeInIndex = 0; path = OpenGL; sourceTree = BUILT_PRODUCTS_DIR; };
		D97308B315DF26B800AD507C /* main.cpp */ = {isa = PBXFileReference; lastKnownFileType = sourcecode.cpp.cpp; path = main.cpp; sourceTree = "<group>"; };
		D97308BC15DF270D00AD507C /* OpenGL.framework */ = {isa = PBXFileReference; lastKnownFileType = wrapper.framework; name = OpenGL.framework; path = System/Library/Frameworks/OpenGL.framework; sourceTree = SDKROOT; };
		D97308BE15DF271A00AD507C /* GLUT.framework */ = {isa = PBXFileReference; lastKnownFileType = wrapper.framework; name = GLUT.framework; path = System/Library/Frameworks/GLUT.framework; sourceTree = SDKROOT; };
		D9730A3D15DF429C00AD507C /* Camera.cpp */ = {isa = PBXFileReference; fileEncoding = 4; lastKnownFileType = sourcecode.cpp.cpp; path = Camera.cpp; sourceTree = "<group>"; };
		D9730A3F15DF429C00AD507C /* Console.cpp */ = {isa = PBXFileReference; fileEncoding = 4; lastKnownFileType = sourcecode.cpp.cpp; path = Console.cpp; sourceTree = "<group>"; };
		D9730A4015DF429C00AD507C /* Console.h */ = {isa = PBXFileReference; fileEncoding = 4; lastKnownFileType = sourcecode.c.h; path = Console.h; sourceTree = "<group>"; };
		D9730A4215DF429C00AD507C /* CharDef.cpp */ = {isa = PBXFileReference; fileEncoding = 4; lastKnownFileType = sourcecode.cpp.cpp; path = CharDef.cpp; sourceTree = "<group>"; };
		D9730A4315DF429C00AD507C /* CharDef.h */ = {isa = PBXFileReference; fileEncoding = 4; lastKnownFileType = sourcecode.c.h; path = CharDef.h; sourceTree = "<group>"; };
		D9730A4415DF429C00AD507C /* Font.cpp */ = {isa = PBXFileReference; fileEncoding = 4; lastKnownFileType = sourcecode.cpp.cpp; path = Font.cpp; sourceTree = "<group>"; };
		D9730A4515DF429C00AD507C /* Font.h */ = {isa = PBXFileReference; fileEncoding = 4; lastKnownFileType = sourcecode.c.h; path = Font.h; sourceTree = "<group>"; };
		D9730A4615DF429C00AD507C /* GraphicsCommon.h */ = {isa = PBXFileReference; fileEncoding = 4; lastKnownFileType = sourcecode.c.h; path = GraphicsCommon.h; sourceTree = "<group>"; };
		D9730A4715DF429C00AD507C /* GraphicsManager.cpp */ = {isa = PBXFileReference; fileEncoding = 4; lastKnownFileType = sourcecode.cpp.cpp; path = GraphicsManager.cpp; sourceTree = "<group>"; };
		D9730A4815DF429C00AD507C /* GraphicsManager.h */ = {isa = PBXFileReference; fileEncoding = 4; lastKnownFileType = sourcecode.c.h; path = GraphicsManager.h; sourceTree = "<group>"; };
		D9730A4A15DF429C00AD507C /* Grid.cpp */ = {isa = PBXFileReference; fileEncoding = 4; lastKnownFileType = sourcecode.cpp.cpp; path = Grid.cpp; sourceTree = "<group>"; };
		D9730A4B15DF429C00AD507C /* Grid.h */ = {isa = PBXFileReference; fileEncoding = 4; lastKnownFileType = sourcecode.c.h; path = Grid.h; sourceTree = "<group>"; };
		D9730A4C15DF429C00AD507C /* IGameCamera.h */ = {isa = PBXFileReference; fileEncoding = 4; lastKnownFileType = sourcecode.c.h; path = IGameCamera.h; sourceTree = "<group>"; };
		D9730A4F15DF429C00AD507C /* Image.cpp */ = {isa = PBXFileReference; fileEncoding = 4; lastKnownFileType = sourcecode.cpp.cpp; path = Image.cpp; sourceTree = "<group>"; };
		D9730A5015DF429C00AD507C /* Image.h */ = {isa = PBXFileReference; fileEncoding = 4; lastKnownFileType = sourcecode.c.h; path = Image.h; sourceTree = "<group>"; };
		D9730A5B15DF429C00AD507C /* Texture2D.h */ = {isa = PBXFileReference; fileEncoding = 4; lastKnownFileType = sourcecode.c.h; path = Texture2D.h; sourceTree = "<group>"; };
		D9730AAA15DF429C00AD507C /* IComponent.h */ = {isa = PBXFileReference; fileEncoding = 4; lastKnownFileType = sourcecode.c.h; name = IComponent.h; path = Game/IComponent.h; sourceTree = "<group>"; };
		D9730AAB15DF429C00AD507C /* IGame.h */ = {isa = PBXFileReference; fileEncoding = 4; lastKnownFileType = sourcecode.c.h; name = IGame.h; path = Game/IGame.h; sourceTree = "<group>"; };
/* End PBXFileReference section */

/* Begin PBXFrameworksBuildPhase section */
		D97308AC15DF26B800AD507C /* Frameworks */ = {
			isa = PBXFrameworksBuildPhase;
			buildActionMask = 2147483647;
			files = (
				D97308BF15DF271A00AD507C /* GLUT.framework in Frameworks */,
				D97308BD15DF270D00AD507C /* OpenGL.framework in Frameworks */,
			);
			runOnlyForDeploymentPostprocessing = 0;
		};
/* End PBXFrameworksBuildPhase section */

/* Begin PBXGroup section */
		CAA8077418CFDB93002B1193 /* Input */ = {
			isa = PBXGroup;
			children = (
				CAA8077518CFDBA0002B1193 /* InputManager.cpp */,
				CAA8077618CFDBA0002B1193 /* InputManager.h */,
				CAA8077718CFDBA0002B1193 /* JoyStick.h */,
			);
			name = Input;
			sourceTree = "<group>";
		};
		CACA87E118CA7B33004AB524 /* Resources */ = {
			isa = PBXGroup;
			children = (
				CACA87E218CA7B33004AB524 /* blink.png */,
				CACA87E318CA7B33004AB524 /* climb.png */,
				CACA87E418CA7B33004AB524 /* climbIdle.png */,
				CACA87E518CA7B33004AB524 /* climbToClimbIdle.png */,
				CACA87E618CA7B33004AB524 /* damage.png */,
				CACA87E718CA7B33004AB524 /* die.png */,
				CACA87E818CA7B33004AB524 /* fall.png */,
				CACA87E918CA7B33004AB524 /* fly.png */,
				CACA87EA18CA7B33004AB524 /* font1.fnt */,
				CACA87EB18CA7B33004AB524 /* font1.png */,
				CACA87EC18CA7B33004AB524 /* idle.png */,
				CACA87ED18CA7B33004AB524 /* jump.png */,
				CACA87EE18CA7B33004AB524 /* jumpToFall.png */,
				CACA87EF18CA7B33004AB524 /* land.png */,
				CACA87F018CA7B33004AB524 /* run.png */,
				CACA87F118CA7B33004AB524 /* running.png */,
				CACA87F218CA7B33004AB524 /* runToSlide.png */,
				CACA87F318CA7B33004AB524 /* slide.png */,
				CACA87F418CA7B33004AB524 /* slideDown.png */,
				CACA87F518CA7B33004AB524 /* slideToIdle.png */,
				CACA87F618CA7B33004AB524 /* spawn.png */,
			);
			path = Resources;
			sourceTree = "<group>";
		};
		D97308A415DF26B800AD507C = {
			isa = PBXGroup;
			children = (
				D97308BE15DF271A00AD507C /* GLUT.framework */,
				D97308BC15DF270D00AD507C /* OpenGL.framework */,
				D97308B215DF26B800AD507C /* OpenGL */,
				D97308B015DF26B800AD507C /* Products */,
			);
			sourceTree = "<group>";
		};
		D97308B015DF26B800AD507C /* Products */ = {
			isa = PBXGroup;
			children = (
				D97308AF15DF26B800AD507C /* OpenGL */,
			);
			name = Products;
			sourceTree = "<group>";
		};
		D97308B215DF26B800AD507C /* OpenGL */ = {
			isa = PBXGroup;
			children = (
				CACA87E118CA7B33004AB524 /* Resources */,
				D97308C015DF2E0200AD507C /* Game */,
				D97308B315DF26B800AD507C /* main.cpp */,
			);
			path = OpenGL;
			sourceTree = "<group>";
		};
		D97308C015DF2E0200AD507C /* Game */ = {
			isa = PBXGroup;
			children = (
				CAA8077418CFDB93002B1193 /* Input */,
				D9730A3915DF429C00AD507C /* Graphics */,
				D9730AAA15DF429C00AD507C /* IComponent.h */,
				D9730AAB15DF429C00AD507C /* IGame.h */,
			);
			name = Game;
			sourceTree = "<group>";
		};
		D9730A3915DF429C00AD507C /* Graphics */ = {
			isa = PBXGroup;
			children = (
				CAA8077118CFDA02002B1193 /* Motion.cpp */,
				CAA8077218CFDA02002B1193 /* Motion.h */,
				D9730A3D15DF429C00AD507C /* Camera.cpp */,
				D9730A3E15DF429C00AD507C /* Console */,
				D9730A4115DF429C00AD507C /* Font */,
				D9730A4615DF429C00AD507C /* GraphicsCommon.h */,
				D9730A4715DF429C00AD507C /* GraphicsManager.cpp */,
				D9730A4815DF429C00AD507C /* GraphicsManager.h */,
				D9730A4915DF429C00AD507C /* Grid */,
				D9730A4C15DF429C00AD507C /* IGameCamera.h */,
				D9730A4E15DF429C00AD507C /* Image */,
				D9730A5915DF429C00AD507C /* Texture2D */,
				D9730A7915DF429C00AD507C /* libpng */,
				D9730A8F15DF429C00AD507C /* zlib */,
			);
			name = Graphics;
			path = Game/Graphics;
			sourceTree = "<group>";
		};
		D9730A3E15DF429C00AD507C /* Console */ = {
			isa = PBXGroup;
			children = (
				D9730A3F15DF429C00AD507C /* Console.cpp */,
				D9730A4015DF429C00AD507C /* Console.h */,
			);
			path = Console;
			sourceTree = "<group>";
		};
		D9730A4115DF429C00AD507C /* Font */ = {
			isa = PBXGroup;
			children = (
				D9730A4215DF429C00AD507C /* CharDef.cpp */,
				D9730A4315DF429C00AD507C /* CharDef.h */,
				D9730A4415DF429C00AD507C /* Font.cpp */,
				D9730A4515DF429C00AD507C /* Font.h */,
			);
			path = Font;
			sourceTree = "<group>";
		};
		D9730A4915DF429C00AD507C /* Grid */ = {
			isa = PBXGroup;
			children = (
				D9730A4A15DF429C00AD507C /* Grid.cpp */,
				D9730A4B15DF429C00AD507C /* Grid.h */,
			);
			path = Grid;
			sourceTree = "<group>";
		};
		D9730A4E15DF429C00AD507C /* Image */ = {
			isa = PBXGroup;
			children = (
				D9730A4F15DF429C00AD507C /* Image.cpp */,
				D9730A5015DF429C00AD507C /* Image.h */,
			);
			path = Image;
			sourceTree = "<group>";
		};
		D9730A5915DF429C00AD507C /* Texture2D */ = {
			isa = PBXGroup;
			children = (
				D93BEC1015E06B6B0017932B /* Texture2D.cpp */,
				D9730A5B15DF429C00AD507C /* Texture2D.h */,
			);
			path = Texture2D;
			sourceTree = "<group>";
		};
		D9730A7915DF429C00AD507C /* libpng */ = {
			isa = PBXGroup;
			children = (
				D91501F115E0813100F85B1E /* example.c */,
				D91501F215E0813100F85B1E /* png.c */,
				D91501F315E0813100F85B1E /* png.h */,
				D91501F415E0813100F85B1E /* pngconf.h */,
				D91501F515E0813100F85B1E /* pngerror.c */,
				D91501F615E0813100F85B1E /* pnggccrd.c */,
				D91501F715E0813100F85B1E /* pngget.c */,
				D91501F815E0813100F85B1E /* pngmem.c */,
				D91501F915E0813100F85B1E /* pngpread.c */,
				D91501FA15E0813100F85B1E /* pngread.c */,
				D91501FB15E0813100F85B1E /* pngrio.c */,
				D91501FC15E0813100F85B1E /* pngrtran.c */,
				D91501FD15E0813100F85B1E /* pngrutil.c */,
				D91501FE15E0813100F85B1E /* pngset.c */,
				D91501FF15E0813100F85B1E /* pngtest.c */,
				D915020015E0813100F85B1E /* pngtrans.c */,
				D915020115E0813100F85B1E /* pngvcrd.c */,
				D915020215E0813100F85B1E /* pngwio.c */,
				D915020315E0813100F85B1E /* pngwrite.c */,
				D915020415E0813100F85B1E /* pngwtran.c */,
				D915020515E0813100F85B1E /* pngwutil.c */,
			);
			path = libpng;
			sourceTree = "<group>";
		};
		D9730A8F15DF429C00AD507C /* zlib */ = {
			isa = PBXGroup;
			children = (
				D93BEC3A15E06E1C0017932B /* adler32.c */,
				D93BEC3B15E06E1C0017932B /* compress.c */,
				D93BEC3C15E06E1C0017932B /* crc32.c */,
				D93BEC3D15E06E1C0017932B /* crc32.h */,
				D93BEC3E15E06E1C0017932B /* deflate.c */,
				D93BEC3F15E06E1C0017932B /* deflate.h */,
				D93BEC4015E06E1C0017932B /* gzclose.c */,
				D93BEC4115E06E1C0017932B /* gzguts.h */,
				D93BEC4215E06E1C0017932B /* gzlib.c */,
				D93BEC4315E06E1C0017932B /* gzread.c */,
				D93BEC4415E06E1C0017932B /* gzwrite.c */,
				D93BEC4515E06E1C0017932B /* infback.c */,
				D93BEC4615E06E1C0017932B /* inffast.c */,
				D93BEC4715E06E1C0017932B /* inffast.h */,
				D93BEC4815E06E1C0017932B /* inffixed.h */,
				D93BEC4915E06E1C0017932B /* inflate.c */,
				D93BEC4A15E06E1C0017932B /* inflate.h */,
				D93BEC4B15E06E1C0017932B /* inftrees.c */,
				D93BEC4C15E06E1C0017932B /* inftrees.h */,
				D93BEC4D15E06E1C0017932B /* trees.c */,
				D93BEC4E15E06E1C0017932B /* trees.h */,
				D93BEC4F15E06E1C0017932B /* uncompr.c */,
				D93BEC5015E06E1C0017932B /* zconf.h */,
				D93BEC5115E06E1C0017932B /* zlib.h */,
				D93BEC5215E06E1C0017932B /* zutil.c */,
				D93BEC5315E06E1C0017932B /* zutil.h */,
			);
			path = zlib;
			sourceTree = "<group>";
		};
/* End PBXGroup section */

/* Begin PBXNativeTarget section */
		D97308AE15DF26B800AD507C /* OpenGL */ = {
			isa = PBXNativeTarget;
			buildConfigurationList = D97308B915DF26B800AD507C /* Build configuration list for PBXNativeTarget "OpenGL" */;
			buildPhases = (
				D97308AB15DF26B800AD507C /* Sources */,
				D97308AC15DF26B800AD507C /* Frameworks */,
				D97308AD15DF26B800AD507C /* CopyFiles */,
			);
			buildRules = (
			);
			dependencies = (
			);
			name = OpenGL;
			productName = OpenGL;
			productReference = D97308AF15DF26B800AD507C /* OpenGL */;
			productType = "com.apple.product-type.tool";
		};
/* End PBXNativeTarget section */

/* Begin PBXProject section */
		D97308A615DF26B800AD507C /* Project object */ = {
			isa = PBXProject;
			attributes = {
				LastUpgradeCheck = 0440;
				ORGANIZATIONNAME = "Ariel Rosado";
			};
			buildConfigurationList = D97308A915DF26B800AD507C /* Build configuration list for PBXProject "OpenGL" */;
			compatibilityVersion = "Xcode 3.2";
			developmentRegion = English;
			hasScannedForEncodings = 0;
			knownRegions = (
				en,
			);
			mainGroup = D97308A415DF26B800AD507C;
			productRefGroup = D97308B015DF26B800AD507C /* Products */;
			projectDirPath = "";
			projectRoot = "";
			targets = (
				D97308AE15DF26B800AD507C /* OpenGL */,
			);
		};
/* End PBXProject section */

/* Begin PBXSourcesBuildPhase section */
		D97308AB15DF26B800AD507C /* Sources */ = {
			isa = PBXSourcesBuildPhase;
			buildActionMask = 2147483647;
			files = (
				D97308B415DF26B800AD507C /* main.cpp in Sources */,
				D9730B2515DF429C00AD507C /* Camera.cpp in Sources */,
				D9730B2615DF429C00AD507C /* Console.cpp in Sources */,
				D9730B2715DF429C00AD507C /* CharDef.cpp in Sources */,
				D9730B2815DF429C00AD507C /* Font.cpp in Sources */,
				D9730B2915DF429C00AD507C /* GraphicsManager.cpp in Sources */,
				D9730B2A15DF429C00AD507C /* Grid.cpp in Sources */,
				D9730B2B15DF429C00AD507C /* Image.cpp in Sources */,
				D93BEC1115E06B6B0017932B /* Texture2D.cpp in Sources */,
				D93BEC5415E06E1C0017932B /* adler32.c in Sources */,
				D93BEC5515E06E1C0017932B /* compress.c in Sources */,
				D93BEC5615E06E1C0017932B /* crc32.c in Sources */,
				D93BEC5715E06E1C0017932B /* deflate.c in Sources */,
				D93BEC5815E06E1C0017932B /* gzclose.c in Sources */,
				D93BEC5915E06E1C0017932B /* gzlib.c in Sources */,
				D93BEC5A15E06E1C0017932B /* gzread.c in Sources */,
				D93BEC5B15E06E1C0017932B /* gzwrite.c in Sources */,
				D93BEC5C15E06E1C0017932B /* infback.c in Sources */,
				D93BEC5D15E06E1C0017932B /* inffast.c in Sources */,
				D93BEC5E15E06E1C0017932B /* inflate.c in Sources */,
				D93BEC5F15E06E1C0017932B /* inftrees.c in Sources */,
				D93BEC6015E06E1C0017932B /* trees.c in Sources */,
				D93BEC6115E06E1C0017932B /* uncompr.c in Sources */,
				D93BEC6215E06E1C0017932B /* zutil.c in Sources */,
				D915020615E0813100F85B1E /* example.c in Sources */,
				D915020715E0813100F85B1E /* png.c in Sources */,
				D915020815E0813100F85B1E /* pngerror.c in Sources */,
				D915020915E0813100F85B1E /* pnggccrd.c in Sources */,
				D915020A15E0813100F85B1E /* pngget.c in Sources */,
				D915020B15E0813100F85B1E /* pngmem.c in Sources */,
				D915020C15E0813100F85B1E /* pngpread.c in Sources */,
				D915020D15E0813100F85B1E /* pngread.c in Sources */,
				D915020E15E0813100F85B1E /* pngrio.c in Sources */,
				D915020F15E0813100F85B1E /* pngrtran.c in Sources */,
				D915021015E0813100F85B1E /* pngrutil.c in Sources */,
				D915021115E0813100F85B1E /* pngset.c in Sources */,
				D915021215E0813100F85B1E /* pngtest.c in Sources */,
				CAA8077818CFDBA0002B1193 /* InputManager.cpp in Sources */,
				D915021315E0813100F85B1E /* pngtrans.c in Sources */,
				D915021415E0813100F85B1E /* pngvcrd.c in Sources */,
				D915021515E0813100F85B1E /* pngwio.c in Sources */,
				D915021615E0813100F85B1E /* pngwrite.c in Sources */,
				D915021715E0813100F85B1E /* pngwtran.c in Sources */,
				D915021815E0813100F85B1E /* pngwutil.c in Sources */,
				CAA8077318CFDA02002B1193 /* Motion.cpp in Sources */,
			);
			runOnlyForDeploymentPostprocessing = 0;
		};
/* End PBXSourcesBuildPhase section */

/* Begin XCBuildConfiguration section */
		D97308B715DF26B800AD507C /* Debug */ = {
			isa = XCBuildConfiguration;
			buildSettings = {
				ALWAYS_SEARCH_USER_PATHS = YES;
				ARCHS = "$(ARCHS_STANDARD_64_BIT)";
				CLANG_CXX_LANGUAGE_STANDARD = "gnu++0x";
				CLANG_WARN__DUPLICATE_METHOD_MATCH = YES;
				COPY_PHASE_STRIP = NO;
				GCC_C_LANGUAGE_STANDARD = gnu99;
				GCC_DYNAMIC_NO_PIC = NO;
				GCC_ENABLE_OBJC_EXCEPTIONS = YES;
				GCC_OPTIMIZATION_LEVEL = 0;
				GCC_PREPROCESSOR_DEFINITIONS = (
					"DEBUG=1",
					"$(inherited)",
				);
				GCC_SYMBOLS_PRIVATE_EXTERN = NO;
				GCC_WARN_64_TO_32_BIT_CONVERSION = YES;
				GCC_WARN_ABOUT_RETURN_TYPE = YES;
				GCC_WARN_UNINITIALIZED_AUTOS = YES;
				GCC_WARN_UNUSED_VARIABLE = YES;
				HEADER_SEARCH_PATHS = "";
				INCLUDED_RECURSIVE_SEARCH_PATH_SUBDIRECTORIES = "";
				MACOSX_DEPLOYMENT_TARGET = 10.8;
				ONLY_ACTIVE_ARCH = YES;
				SCAN_ALL_SOURCE_FILES_FOR_INCLUDES = YES;
				SDKROOT = macosx;
				USER_HEADER_SEARCH_PATHS = "./**";
			};
			name = Debug;
		};
		D97308B815DF26B800AD507C /* Release */ = {
			isa = XCBuildConfiguration;
			buildSettings = {
				ALWAYS_SEARCH_USER_PATHS = YES;
				ARCHS = "$(ARCHS_STANDARD_64_BIT)";
				CLANG_CXX_LANGUAGE_STANDARD = "gnu++0x";
				CLANG_WARN__DUPLICATE_METHOD_MATCH = YES;
				COPY_PHASE_STRIP = YES;
				DEBUG_INFORMATION_FORMAT = "dwarf-with-dsym";
				GCC_C_LANGUAGE_STANDARD = gnu99;
				GCC_ENABLE_OBJC_EXCEPTIONS = YES;
				GCC_WARN_64_TO_32_BIT_CONVERSION = YES;
				GCC_WARN_ABOUT_RETURN_TYPE = YES;
				GCC_WARN_UNINITIALIZED_AUTOS = YES;
				GCC_WARN_UNUSED_VARIABLE = YES;
				HEADER_SEARCH_PATHS = "";
				INCLUDED_RECURSIVE_SEARCH_PATH_SUBDIRECTORIES = "";
				MACOSX_DEPLOYMENT_TARGET = 10.8;
				SCAN_ALL_SOURCE_FILES_FOR_INCLUDES = YES;
				SDKROOT = macosx;
				USER_HEADER_SEARCH_PATHS = "./**";
			};
			name = Release;
		};
		D97308BA15DF26B800AD507C /* Debug */ = {
			isa = XCBuildConfiguration;
			buildSettings = {
				HEADER_SEARCH_PATHS = /Applications/Xcode.app/Contents/Developer/Platforms/MacOSX.platform/Developer/SDKs/MacOSX10.8.sdk/System/Library/Frameworks/GLUT.framework/Headers/;
				PRODUCT_NAME = "$(TARGET_NAME)";
			};
			name = Debug;
		};
		D97308BB15DF26B800AD507C /* Release */ = {
			isa = XCBuildConfiguration;
			buildSettings = {
				HEADER_SEARCH_PATHS = /Applications/Xcode.app/Contents/Developer/Platforms/MacOSX.platform/Developer/SDKs/MacOSX10.8.sdk/System/Library/Frameworks/GLUT.framework/Headers/;
				PRODUCT_NAME = "$(TARGET_NAME)";
			};
			name = Release;
		};
/* End XCBuildConfiguration section */

/* Begin XCConfigurationList section */
		D97308A915DF26B800AD507C /* Build configuration list for PBXProject "OpenGL" */ = {
			isa = XCConfigurationList;
			buildConfigurations = (
				D97308B715DF26B800AD507C /* Debug */,
				D97308B815DF26B800AD507C /* Release */,
			);
			defaultConfigurationIsVisible = 0;
			defaultConfigurationName = Release;
		};
		D97308B915DF26B800AD507C /* Build configuration list for PBXNativeTarget "OpenGL" */ = {
			isa = XCConfigurationList;
			buildConfigurations = (
				D97308BA15DF26B800AD507C /* Debug */,
				D97308BB15DF26B800AD507C /* Release */,
			);
			defaultConfigurationIsVisible = 0;
			defaultConfigurationName = Release;
		};
/* End XCConfigurationList section */
	};
	rootObject = D97308A615DF26B800AD507C /* Project object */;
}
